
Microsoft Visual Studio Solution File, Format Version 12.00
# Visual Studio 15
VisualStudioVersion = 15.0.28307.1525
MinimumVisualStudioVersion = 10.0.40219.1
Project("{F184B08F-C81C-45F6-A57F-5ABD9991F28F}") = "water-bill-calculator", "water-bill-calculator\water-bill-calculator.vbproj", "{03996091-8A00-498F-BE2F-8048D40E312C}"
EndProject
Global
	GlobalSection(SolutionConfigurationPlatforms) = preSolution
		Debug|Any CPU = Debug|Any CPU
		Release|Any CPU = Release|Any CPU
	EndGlobalSection
	GlobalSection(ProjectConfigurationPlatforms) = postSolution
		{03996091-8A00-498F-BE2F-8048D40E312C}.Debug|Any CPU.ActiveCfg = Debug|Any CPU
		{03996091-8A00-498F-BE2F-8048D40E312C}.Debug|Any CPU.Build.0 = Debug|Any CPU
		{03996091-8A00-498F-BE2F-8048D40E312C}.Release|Any CPU.ActiveCfg = Release|Any CPU
		{03996091-8A00-498F-BE2F-8048D40E312C}.Release|Any CPU.Build.0 = Release|Any CPU
	EndGlobalSection
	GlobalSection(SolutionProperties) = preSolution
		HideSolutionNode = FALSE
	EndGlobalSection
	GlobalSection(ExtensibilityGlobals) = postSolution
		SolutionGuid = {30B84A8A-C23D-472F-91B5-11C5F8E431F0}
	EndGlobalSection
EndGlobal
